
Microsoft Visual Studio Solution File, Format Version 12.00
# Visual Studio Version 16
VisualStudioVersion = 16.0.31702.278
MinimumVisualStudioVersion = 10.0.40219.1
Project("{FAE04EC0-301F-11D3-BF4B-00C04F79EFBC}") = "ChasseAuTrésor", "ConsoleApp1\ChasseAuTrésor.csproj", "{EFFEE5B0-9BF1-4F8C-BA84-64E9DBE9F9C9}"
EndProject
Global
	GlobalSection(SolutionConfigurationPlatforms) = preSolution
		Debug|Any CPU = Debug|Any CPU
		Release|Any CPU = Release|Any CPU
	EndGlobalSection
	GlobalSection(ProjectConfigurationPlatforms) = postSolution
		{EFFEE5B0-9BF1-4F8C-BA84-64E9DBE9F9C9}.Debug|Any CPU.ActiveCfg = Debug|Any CPU
		{EFFEE5B0-9BF1-4F8C-BA84-64E9DBE9F9C9}.Debug|Any CPU.Build.0 = Debug|Any CPU
		{EFFEE5B0-9BF1-4F8C-BA84-64E9DBE9F9C9}.Release|Any CPU.ActiveCfg = Release|Any CPU
		{EFFEE5B0-9BF1-4F8C-BA84-64E9DBE9F9C9}.Release|Any CPU.Build.0 = Release|Any CPU
	EndGlobalSection
	GlobalSection(SolutionProperties) = preSolution
		HideSolutionNode = FALSE
	EndGlobalSection
	GlobalSection(ExtensibilityGlobals) = postSolution
		SolutionGuid = {5D4F29E9-18C6-489F-BA70-CFF836A9F7FC}
	EndGlobalSection
EndGlobal
